
Microsoft Visual Studio Solution File, Format Version 12.00
# Visual Studio Version 17
VisualStudioVersion = 17.7.34031.279
MinimumVisualStudioVersion = 10.0.40219.1
Project("{9A19103F-16F7-4668-BE54-9A1E7A4F7556}") = "Gladiator", "Gladiator.csproj", "{F073F2F8-A7F9-4E5D-B6E6-E563271DCBC6}"
EndProject
Global
	GlobalSection(SolutionConfigurationPlatforms) = preSolution
		Debug|Any CPU = Debug|Any CPU
		Release|Any CPU = Release|Any CPU
	EndGlobalSection
	GlobalSection(ProjectConfigurationPlatforms) = postSolution
		{F073F2F8-A7F9-4E5D-B6E6-E563271DCBC6}.Debug|Any CPU.ActiveCfg = Debug|Any CPU
		{F073F2F8-A7F9-4E5D-B6E6-E563271DCBC6}.Debug|Any CPU.Build.0 = Debug|Any CPU
		{F073F2F8-A7F9-4E5D-B6E6-E563271DCBC6}.Release|Any CPU.ActiveCfg = Release|Any CPU
		{F073F2F8-A7F9-4E5D-B6E6-E563271DCBC6}.Release|Any CPU.Build.0 = Release|Any CPU
	EndGlobalSection
	GlobalSection(SolutionProperties) = preSolution
		HideSolutionNode = FALSE
	EndGlobalSection
	GlobalSection(ExtensibilityGlobals) = postSolution
		SolutionGuid = {FE514701-ECB5-4584-9A9A-F927FFB61AA2}
	EndGlobalSection
EndGlobal
